
Microsoft Visual Studio Solution File, Format Version 12.00
# Visual Studio Version 17
VisualStudioVersion = 17.9.34728.123
MinimumVisualStudioVersion = 10.0.40219.1
Project("{9A19103F-16F7-4668-BE54-9A1E7A4F7556}") = "GymManager Web", "GymManager Web\GymManager Web.csproj", "{F411DECE-08AB-4E92-B097-D8ED9D9117A3}"
EndProject
Project("{9A19103F-16F7-4668-BE54-9A1E7A4F7556}") = "GymManager.ApplicationServices", "GymManager.ApplicationServices\GymManager.ApplicationServices.csproj", "{98DDF10C-73AC-4B62-8BF7-CB534A32ED69}"
EndProject
Project("{9A19103F-16F7-4668-BE54-9A1E7A4F7556}") = "GymManager.Core", "GymManager.Core\GymManager.Core.csproj", "{CD3A3D9B-62BC-47B5-8CC9-A8961ECABC49}"
EndProject
Project("{FAE04EC0-301F-11D3-BF4B-00C04F79EFBC}") = "GymManager.DataAccess", "GymManager.DataAccess\GymManager.DataAccess.csproj", "{8068DD0D-4AC5-409E-8C3A-46E8CA030608}"
EndProject
Global
	GlobalSection(SolutionConfigurationPlatforms) = preSolution
		Debug|Any CPU = Debug|Any CPU
		Release|Any CPU = Release|Any CPU
	EndGlobalSection
	GlobalSection(ProjectConfigurationPlatforms) = postSolution
		{F411DECE-08AB-4E92-B097-D8ED9D9117A3}.Debug|Any CPU.ActiveCfg = Debug|Any CPU
		{F411DECE-08AB-4E92-B097-D8ED9D9117A3}.Debug|Any CPU.Build.0 = Debug|Any CPU
		{F411DECE-08AB-4E92-B097-D8ED9D9117A3}.Release|Any CPU.ActiveCfg = Release|Any CPU
		{F411DECE-08AB-4E92-B097-D8ED9D9117A3}.Release|Any CPU.Build.0 = Release|Any CPU
		{98DDF10C-73AC-4B62-8BF7-CB534A32ED69}.Debug|Any CPU.ActiveCfg = Debug|Any CPU
		{98DDF10C-73AC-4B62-8BF7-CB534A32ED69}.Debug|Any CPU.Build.0 = Debug|Any CPU
		{98DDF10C-73AC-4B62-8BF7-CB534A32ED69}.Release|Any CPU.ActiveCfg = Release|Any CPU
		{98DDF10C-73AC-4B62-8BF7-CB534A32ED69}.Release|Any CPU.Build.0 = Release|Any CPU
		{CD3A3D9B-62BC-47B5-8CC9-A8961ECABC49}.Debug|Any CPU.ActiveCfg = Debug|Any CPU
		{CD3A3D9B-62BC-47B5-8CC9-A8961ECABC49}.Debug|Any CPU.Build.0 = Debug|Any CPU
		{CD3A3D9B-62BC-47B5-8CC9-A8961ECABC49}.Release|Any CPU.ActiveCfg = Release|Any CPU
		{CD3A3D9B-62BC-47B5-8CC9-A8961ECABC49}.Release|Any CPU.Build.0 = Release|Any CPU
		{8068DD0D-4AC5-409E-8C3A-46E8CA030608}.Debug|Any CPU.ActiveCfg = Debug|Any CPU
		{8068DD0D-4AC5-409E-8C3A-46E8CA030608}.Debug|Any CPU.Build.0 = Debug|Any CPU
		{8068DD0D-4AC5-409E-8C3A-46E8CA030608}.Release|Any CPU.ActiveCfg = Release|Any CPU
		{8068DD0D-4AC5-409E-8C3A-46E8CA030608}.Release|Any CPU.Build.0 = Release|Any CPU
	EndGlobalSection
	GlobalSection(SolutionProperties) = preSolution
		HideSolutionNode = FALSE
	EndGlobalSection
	GlobalSection(ExtensibilityGlobals) = postSolution
		SolutionGuid = {46B61DB1-A70F-4424-A5DB-4040522BFCB9}
	EndGlobalSection
EndGlobal
